// !$*UTF8*$!
{
	archiveVersion = 1;
	classes = {
	};
	objectVersion = 56;
	objects = {

/* Begin PBXBuildFile section */
		295B1BB52C76DED200100CA0 /* AgoraSwiftUIPiPApp.swift in Sources */ = {isa = PBXBuildFile; fileRef = 295B1BB42C76DED200100CA0 /* AgoraSwiftUIPiPApp.swift */; };
		295B1BB72C76DED200100CA0 /* AgoraMainView.swift in Sources */ = {isa = PBXBuildFile; fileRef = 295B1BB62C76DED200100CA0 /* AgoraMainView.swift */; };
		295B1BB92C76DED400100CA0 /* Assets.xcassets in Resources */ = {isa = PBXBuildFile; fileRef = 295B1BB82C76DED400100CA0 /* Assets.xcassets */; };
		295B1BBC2C76DED400100CA0 /* Preview Assets.xcassets in Resources */ = {isa = PBXBuildFile; fileRef = 295B1BBB2C76DED400100CA0 /* Preview Assets.xcassets */; };
		295B1BC32C76DEE900100CA0 /* AgoraViewModel.swift in Sources */ = {isa = PBXBuildFile; fileRef = 295B1BC22C76DEE900100CA0 /* AgoraViewModel.swift */; };
		295B1BC52C76E46500100CA0 /* PixelBufferRenderView.swift in Sources */ = {isa = PBXBuildFile; fileRef = 295B1BC42C76E46500100CA0 /* PixelBufferRenderView.swift */; };
		41FFA6E91DD41359D7C2999C /* Pods_AgoraSwiftUIPiP.framework in Frameworks */ = {isa = PBXBuildFile; fileRef = 434CE508556FC9763E577A24 /* Pods_AgoraSwiftUIPiP.framework */; };
/* End PBXBuildFile section */

/* Begin PBXFileReference section */
		295B1BB12C76DED200100CA0 /* AgoraSwiftUIPiP.app */ = {isa = PBXFileReference; explicitFileType = wrapper.application; includeInIndex = 0; path = AgoraSwiftUIPiP.app; sourceTree = BUILT_PRODUCTS_DIR; };
		295B1BB42C76DED200100CA0 /* AgoraSwiftUIPiPApp.swift */ = {isa = PBXFileReference; lastKnownFileType = sourcecode.swift; path = AgoraSwiftUIPiPApp.swift; sourceTree = "<group>"; };
		295B1BB62C76DED200100CA0 /* AgoraMainView.swift */ = {isa = PBXFileReference; lastKnownFileType = sourcecode.swift; path = AgoraMainView.swift; sourceTree = "<group>"; };
		295B1BB82C76DED400100CA0 /* Assets.xcassets */ = {isa = PBXFileReference; lastKnownFileType = folder.assetcatalog; path = Assets.xcassets; sourceTree = "<group>"; };
		295B1BBB2C76DED400100CA0 /* Preview Assets.xcassets */ = {isa = PBXFileReference; lastKnownFileType = folder.assetcatalog; path = "Preview Assets.xcassets"; sourceTree = "<group>"; };
		295B1BC22C76DEE900100CA0 /* AgoraViewModel.swift */ = {isa = PBXFileReference; lastKnownFileType = sourcecode.swift; path = AgoraViewModel.swift; sourceTree = "<group>"; };
		295B1BC42C76E46500100CA0 /* PixelBufferRenderView.swift */ = {isa = PBXFileReference; fileEncoding = 4; lastKnownFileType = sourcecode.swift; path = PixelBufferRenderView.swift; sourceTree = "<group>"; };
		295B1BC62C76ECA200100CA0 /* Info.plist */ = {isa = PBXFileReference; lastKnownFileType = text.plist; path = Info.plist; sourceTree = "<group>"; };
		434CE508556FC9763E577A24 /* Pods_AgoraSwiftUIPiP.framework */ = {isa = PBXFileReference; explicitFileType = wrapper.framework; includeInIndex = 0; path = Pods_AgoraSwiftUIPiP.framework; sourceTree = BUILT_PRODUCTS_DIR; };
		64B4F9C5AB11D0975E6D4DF9 /* Pods-AgoraSwiftUIPiP.release.xcconfig */ = {isa = PBXFileReference; includeInIndex = 1; lastKnownFileType = text.xcconfig; name = "Pods-AgoraSwiftUIPiP.release.xcconfig"; path = "Target Support Files/Pods-AgoraSwiftUIPiP/Pods-AgoraSwiftUIPiP.release.xcconfig"; sourceTree = "<group>"; };
		C3D7168C9D689F3DBCEF7171 /* Pods-AgoraSwiftUIPiP.debug.xcconfig */ = {isa = PBXFileReference; includeInIndex = 1; lastKnownFileType = text.xcconfig; name = "Pods-AgoraSwiftUIPiP.debug.xcconfig"; path = "Target Support Files/Pods-AgoraSwiftUIPiP/Pods-AgoraSwiftUIPiP.debug.xcconfig"; sourceTree = "<group>"; };
/* End PBXFileReference section */

/* Begin PBXFrameworksBuildPhase section */
		295B1BAE2C76DED200100CA0 /* Frameworks */ = {
			isa = PBXFrameworksBuildPhase;
			buildActionMask = 2147483647;
			files = (
				41FFA6E91DD41359D7C2999C /* Pods_AgoraSwiftUIPiP.framework in Frameworks */,
			);
			runOnlyForDeploymentPostprocessing = 0;
		};
/* End PBXFrameworksBuildPhase section */

/* Begin PBXGroup section */
		12DA92005D76718A8D25F515 /* Pods */ = {
			isa = PBXGroup;
			children = (
				C3D7168C9D689F3DBCEF7171 /* Pods-AgoraSwiftUIPiP.debug.xcconfig */,
				64B4F9C5AB11D0975E6D4DF9 /* Pods-AgoraSwiftUIPiP.release.xcconfig */,
			);
			path = Pods;
			sourceTree = "<group>";
		};
		295B1BA82C76DED200100CA0 = {
			isa = PBXGroup;
			children = (
				295B1BB32C76DED200100CA0 /* AgoraSwiftUIPiP */,
				295B1BB22C76DED200100CA0 /* Products */,
				12DA92005D76718A8D25F515 /* Pods */,
				68639A6C97962B3294D9D5E1 /* Frameworks */,
			);
			sourceTree = "<group>";
		};
		295B1BB22C76DED200100CA0 /* Products */ = {
			isa = PBXGroup;
			children = (
				295B1BB12C76DED200100CA0 /* AgoraSwiftUIPiP.app */,
			);
			name = Products;
			sourceTree = "<group>";
		};
		295B1BB32C76DED200100CA0 /* AgoraSwiftUIPiP */ = {
			isa = PBXGroup;
			children = (
				295B1BC62C76ECA200100CA0 /* Info.plist */,
				295B1BB42C76DED200100CA0 /* AgoraSwiftUIPiPApp.swift */,
				295B1BB62C76DED200100CA0 /* AgoraMainView.swift */,
				295B1BC22C76DEE900100CA0 /* AgoraViewModel.swift */,
				295B1BC72C77138100100CA0 /* ChildViews */,
				295B1BB82C76DED400100CA0 /* Assets.xcassets */,
				295B1BBA2C76DED400100CA0 /* Preview Content */,
			);
			path = AgoraSwiftUIPiP;
			sourceTree = "<group>";
		};
		295B1BBA2C76DED400100CA0 /* Preview Content */ = {
			isa = PBXGroup;
			children = (
				295B1BBB2C76DED400100CA0 /* Preview Assets.xcassets */,
			);
			path = "Preview Content";
			sourceTree = "<group>";
		};
		295B1BC72C77138100100CA0 /* ChildViews */ = {
			isa = PBXGroup;
			children = (
				295B1BC42C76E46500100CA0 /* PixelBufferRenderView.swift */,
			);
			path = ChildViews;
			sourceTree = "<group>";
		};
		68639A6C97962B3294D9D5E1 /* Frameworks */ = {
			isa = PBXGroup;
			children = (
				434CE508556FC9763E577A24 /* Pods_AgoraSwiftUIPiP.framework */,
			);
			name = Frameworks;
			sourceTree = "<group>";
		};
/* End PBXGroup section */

/* Begin PBXNativeTarget section */
		295B1BB02C76DED200100CA0 /* AgoraSwiftUIPiP */ = {
			isa = PBXNativeTarget;
			buildConfigurationList = 295B1BBF2C76DED400100CA0 /* Build configuration list for PBXNativeTarget "AgoraSwiftUIPiP" */;
			buildPhases = (
				234C9B2F07447685E55F729B /* [CP] Check Pods Manifest.lock */,
				295B1BAD2C76DED200100CA0 /* Sources */,
				295B1BAE2C76DED200100CA0 /* Frameworks */,
				295B1BAF2C76DED200100CA0 /* Resources */,
				BECC90821FB374266425FC2F /* [CP] Embed Pods Frameworks */,
			);
			buildRules = (
			);
			dependencies = (
			);
			name = AgoraSwiftUIPiP;
			productName = AgoraSwiftUIPiP;
			productReference = 295B1BB12C76DED200100CA0 /* AgoraSwiftUIPiP.app */;
			productType = "com.apple.product-type.application";
		};
/* End PBXNativeTarget section */

/* Begin PBXProject section */
		295B1BA92C76DED200100CA0 /* Project object */ = {
			isa = PBXProject;
			attributes = {
				BuildIndependentTargetsInParallel = 1;
				LastSwiftUpdateCheck = 1530;
				LastUpgradeCheck = 1530;
				TargetAttributes = {
					295B1BB02C76DED200100CA0 = {
						CreatedOnToolsVersion = 15.3;
					};
				};
			};
			buildConfigurationList = 295B1BAC2C76DED200100CA0 /* Build configuration list for PBXProject "AgoraSwiftUIPiP" */;
			compatibilityVersion = "Xcode 14.0";
			developmentRegion = en;
			hasScannedForEncodings = 0;
			knownRegions = (
				en,
				Base,
			);
			mainGroup = 295B1BA82C76DED200100CA0;
			productRefGroup = 295B1BB22C76DED200100CA0 /* Products */;
			projectDirPath = "";
			projectRoot = "";
			targets = (
				295B1BB02C76DED200100CA0 /* AgoraSwiftUIPiP */,
			);
		};
/* End PBXProject section */

/* Begin PBXResourcesBuildPhase section */
		295B1BAF2C76DED200100CA0 /* Resources */ = {
			isa = PBXResourcesBuildPhase;
			buildActionMask = 2147483647;
			files = (
				295B1BBC2C76DED400100CA0 /* Preview Assets.xcassets in Resources */,
				295B1BB92C76DED400100CA0 /* Assets.xcassets in Resources */,
			);
			runOnlyForDeploymentPostprocessing = 0;
		};
/* End PBXResourcesBuildPhase section */

/* Begin PBXShellScriptBuildPhase section */
		234C9B2F07447685E55F729B /* [CP] Check Pods Manifest.lock */ = {
			isa = PBXShellScriptBuildPhase;
			buildActionMask = 2147483647;
			files = (
			);
			inputFileListPaths = (
			);
			inputPaths = (
				"${PODS_PODFILE_DIR_PATH}/Podfile.lock",
				"${PODS_ROOT}/Manifest.lock",
			);
			name = "[CP] Check Pods Manifest.lock";
			outputFileListPaths = (
			);
			outputPaths = (
				"$(DERIVED_FILE_DIR)/Pods-AgoraSwiftUIPiP-checkManifestLockResult.txt",
			);
			runOnlyForDeploymentPostprocessing = 0;
			shellPath = /bin/sh;
			shellScript = "diff \"${PODS_PODFILE_DIR_PATH}/Podfile.lock\" \"${PODS_ROOT}/Manifest.lock\" > /dev/null\nif [ $? != 0 ] ; then\n    # print error to STDERR\n    echo \"error: The sandbox is not in sync with the Podfile.lock. Run 'pod install' or update your CocoaPods installation.\" >&2\n    exit 1\nfi\n# This output is used by Xcode 'outputs' to avoid re-running this script phase.\necho \"SUCCESS\" > \"${SCRIPT_OUTPUT_FILE_0}\"\n";
			showEnvVarsInLog = 0;
		};
		BECC90821FB374266425FC2F /* [CP] Embed Pods Frameworks */ = {
			isa = PBXShellScriptBuildPhase;
			buildActionMask = 2147483647;
			files = (
			);
			inputFileListPaths = (
				"${PODS_ROOT}/Target Support Files/Pods-AgoraSwiftUIPiP/Pods-AgoraSwiftUIPiP-frameworks-${CONFIGURATION}-input-files.xcfilelist",
			);
			name = "[CP] Embed Pods Frameworks";
			outputFileListPaths = (
				"${PODS_ROOT}/Target Support Files/Pods-AgoraSwiftUIPiP/Pods-AgoraSwiftUIPiP-frameworks-${CONFIGURATION}-output-files.xcfilelist",
			);
			runOnlyForDeploymentPostprocessing = 0;
			shellPath = /bin/sh;
			shellScript = "\"${PODS_ROOT}/Target Support Files/Pods-AgoraSwiftUIPiP/Pods-AgoraSwiftUIPiP-frameworks.sh\"\n";
			showEnvVarsInLog = 0;
		};
/* End PBXShellScriptBuildPhase section */

/* Begin PBXSourcesBuildPhase section */
		295B1BAD2C76DED200100CA0 /* Sources */ = {
			isa = PBXSourcesBuildPhase;
			buildActionMask = 2147483647;
			files = (
				295B1BB72C76DED200100CA0 /* AgoraMainView.swift in Sources */,
				295B1BC52C76E46500100CA0 /* PixelBufferRenderView.swift in Sources */,
				295B1BC32C76DEE900100CA0 /* AgoraViewModel.swift in Sources */,
				295B1BB52C76DED200100CA0 /* AgoraSwiftUIPiPApp.swift in Sources */,
			);
			runOnlyForDeploymentPostprocessing = 0;
		};
/* End PBXSourcesBuildPhase section */

/* Begin XCBuildConfiguration section */
		295B1BBD2C76DED400100CA0 /* Debug */ = {
			isa = XCBuildConfiguration;
			buildSettings = {
				ALWAYS_SEARCH_USER_PATHS = NO;
				ASSETCATALOG_COMPILER_GENERATE_SWIFT_ASSET_SYMBOL_EXTENSIONS = YES;
				CLANG_ANALYZER_NONNULL = YES;
				CLANG_ANALYZER_NUMBER_OBJECT_CONVERSION = YES_AGGRESSIVE;
				CLANG_CXX_LANGUAGE_STANDARD = "gnu++20";
				CLANG_ENABLE_MODULES = YES;
				CLANG_ENABLE_OBJC_ARC = YES;
				CLANG_ENABLE_OBJC_WEAK = YES;
				CLANG_WARN_BLOCK_CAPTURE_AUTORELEASING = YES;
				CLANG_WARN_BOOL_CONVERSION = YES;
				CLANG_WARN_COMMA = YES;
				CLANG_WARN_CONSTANT_CONVERSION = YES;
				CLANG_WARN_DEPRECATED_OBJC_IMPLEMENTATIONS = YES;
				CLANG_WARN_DIRECT_OBJC_ISA_USAGE = YES_ERROR;
				CLANG_WARN_DOCUMENTATION_COMMENTS = YES;
				CLANG_WARN_EMPTY_BODY = YES;
				CLANG_WARN_ENUM_CONVERSION = YES;
				CLANG_WARN_INFINITE_RECURSION = YES;
				CLANG_WARN_INT_CONVERSION = YES;
				CLANG_WARN_NON_LITERAL_NULL_CONVERSION = YES;
				CLANG_WARN_OBJC_IMPLICIT_RETAIN_SELF = YES;
				CLANG_WARN_OBJC_LITERAL_CONVERSION = YES;
				CLANG_WARN_OBJC_ROOT_CLASS = YES_ERROR;
				CLANG_WARN_QUOTED_INCLUDE_IN_FRAMEWORK_HEADER = YES;
				CLANG_WARN_RANGE_LOOP_ANALYSIS = YES;
				CLANG_WARN_STRICT_PROTOTYPES = YES;
				CLANG_WARN_SUSPICIOUS_MOVE = YES;
				CLANG_WARN_UNGUARDED_AVAILABILITY = YES_AGGRESSIVE;
				CLANG_WARN_UNREACHABLE_CODE = YES;
				CLANG_WARN__DUPLICATE_METHOD_MATCH = YES;
				COPY_PHASE_STRIP = NO;
				DEBUG_INFORMATION_FORMAT = dwarf;
				ENABLE_STRICT_OBJC_MSGSEND = YES;
				ENABLE_TESTABILITY = YES;
				ENABLE_USER_SCRIPT_SANDBOXING = YES;
				GCC_C_LANGUAGE_STANDARD = gnu17;
				GCC_DYNAMIC_NO_PIC = NO;
				GCC_NO_COMMON_BLOCKS = YES;
				GCC_OPTIMIZATION_LEVEL = 0;
				GCC_PREPROCESSOR_DEFINITIONS = (
					"DEBUG=1",
					"$(inherited)",
				);
				GCC_WARN_64_TO_32_BIT_CONVERSION = YES;
				GCC_WARN_ABOUT_RETURN_TYPE = YES_ERROR;
				GCC_WARN_UNDECLARED_SELECTOR = YES;
				GCC_WARN_UNINITIALIZED_AUTOS = YES_AGGRESSIVE;
				GCC_WARN_UNUSED_FUNCTION = YES;
				GCC_WARN_UNUSED_VARIABLE = YES;
				IPHONEOS_DEPLOYMENT_TARGET = 17.4;
				LOCALIZATION_PREFERS_STRING_CATALOGS = YES;
				MTL_ENABLE_DEBUG_INFO = INCLUDE_SOURCE;
				MTL_FAST_MATH = YES;
				ONLY_ACTIVE_ARCH = YES;
				SDKROOT = iphoneos;
				SWIFT_ACTIVE_COMPILATION_CONDITIONS = "DEBUG $(inherited)";
				SWIFT_OPTIMIZATION_LEVEL = "-Onone";
			};
			name = Debug;
		};
		295B1BBE2C76DED400100CA0 /* Release */ = {
			isa = XCBuildConfiguration;
			buildSettings = {
				ALWAYS_SEARCH_USER_PATHS = NO;
				ASSETCATALOG_COMPILER_GENERATE_SWIFT_ASSET_SYMBOL_EXTENSIONS = YES;
				CLANG_ANALYZER_NONNULL = YES;
				CLANG_ANALYZER_NUMBER_OBJECT_CONVERSION = YES_AGGRESSIVE;
				CLANG_CXX_LANGUAGE_STANDARD = "gnu++20";
				CLANG_ENABLE_MODULES = YES;
				CLANG_ENABLE_OBJC_ARC = YES;
				CLANG_ENABLE_OBJC_WEAK = YES;
				CLANG_WARN_BLOCK_CAPTURE_AUTORELEASING = YES;
				CLANG_WARN_BOOL_CONVERSION = YES;
				CLANG_WARN_COMMA = YES;
				CLANG_WARN_CONSTANT_CONVERSION = YES;
				CLANG_WARN_DEPRECATED_OBJC_IMPLEMENTATIONS = YES;
				CLANG_WARN_DIRECT_OBJC_ISA_USAGE = YES_ERROR;
				CLANG_WARN_DOCUMENTATION_COMMENTS = YES;
				CLANG_WARN_EMPTY_BODY = YES;
				CLANG_WARN_ENUM_CONVERSION = YES;
				CLANG_WARN_INFINITE_RECURSION = YES;
				CLANG_WARN_INT_CONVERSION = YES;
				CLANG_WARN_NON_LITERAL_NULL_CONVERSION = YES;
				CLANG_WARN_OBJC_IMPLICIT_RETAIN_SELF = YES;
				CLANG_WARN_OBJC_LITERAL_CONVERSION = YES;
				CLANG_WARN_OBJC_ROOT_CLASS = YES_ERROR;
				CLANG_WARN_QUOTED_INCLUDE_IN_FRAMEWORK_HEADER = YES;
				CLANG_WARN_RANGE_LOOP_ANALYSIS = YES;
				CLANG_WARN_STRICT_PROTOTYPES = YES;
				CLANG_WARN_SUSPICIOUS_MOVE = YES;
				CLANG_WARN_UNGUARDED_AVAILABILITY = YES_AGGRESSIVE;
				CLANG_WARN_UNREACHABLE_CODE = YES;
				CLANG_WARN__DUPLICATE_METHOD_MATCH = YES;
				COPY_PHASE_STRIP = NO;
				DEBUG_INFORMATION_FORMAT = "dwarf-with-dsym";
				ENABLE_NS_ASSERTIONS = NO;
				ENABLE_STRICT_OBJC_MSGSEND = YES;
				ENABLE_USER_SCRIPT_SANDBOXING = YES;
				GCC_C_LANGUAGE_STANDARD = gnu17;
				GCC_NO_COMMON_BLOCKS = YES;
				GCC_WARN_64_TO_32_BIT_CONVERSION = YES;
				GCC_WARN_ABOUT_RETURN_TYPE = YES_ERROR;
				GCC_WARN_UNDECLARED_SELECTOR = YES;
				GCC_WARN_UNINITIALIZED_AUTOS = YES_AGGRESSIVE;
				GCC_WARN_UNUSED_FUNCTION = YES;
				GCC_WARN_UNUSED_VARIABLE = YES;
				IPHONEOS_DEPLOYMENT_TARGET = 17.4;
				LOCALIZATION_PREFERS_STRING_CATALOGS = YES;
				MTL_ENABLE_DEBUG_INFO = NO;
				MTL_FAST_MATH = YES;
				SDKROOT = iphoneos;
				SWIFT_COMPILATION_MODE = wholemodule;
				VALIDATE_PRODUCT = YES;
			};
			name = Release;
		};
		295B1BC02C76DED400100CA0 /* Debug */ = {
			isa = XCBuildConfiguration;
			baseConfigurationReference = C3D7168C9D689F3DBCEF7171 /* Pods-AgoraSwiftUIPiP.debug.xcconfig */;
			buildSettings = {
				ASSETCATALOG_COMPILER_APPICON_NAME = AppIcon;
				ASSETCATALOG_COMPILER_GLOBAL_ACCENT_COLOR_NAME = AccentColor;
				CODE_SIGN_STYLE = Automatic;
				CURRENT_PROJECT_VERSION = 1;
				DEVELOPMENT_ASSET_PATHS = "\"AgoraSwiftUIPiP/Preview Content\"";
				DEVELOPMENT_TEAM = UL3DJY7F56;
				ENABLE_PREVIEWS = YES;
				ENABLE_USER_SCRIPT_SANDBOXING = NO;
				GENERATE_INFOPLIST_FILE = YES;
				INFOPLIST_FILE = AgoraSwiftUIPiP/Info.plist;
				INFOPLIST_KEY_NSCameraUsageDescription = "Video call";
				INFOPLIST_KEY_NSMicrophoneUsageDescription = "Audio call";
				INFOPLIST_KEY_UIApplicationSceneManifest_Generation = YES;
				INFOPLIST_KEY_UIApplicationSupportsIndirectInputEvents = YES;
				INFOPLIST_KEY_UILaunchScreen_Generation = YES;
				INFOPLIST_KEY_UISupportedInterfaceOrientations_iPad = "UIInterfaceOrientationPortrait UIInterfaceOrientationPortraitUpsideDown UIInterfaceOrientationLandscapeLeft UIInterfaceOrientationLandscapeRight";
				INFOPLIST_KEY_UISupportedInterfaceOrientations_iPhone = "UIInterfaceOrientationPortrait UIInterfaceOrientationLandscapeLeft UIInterfaceOrientationLandscapeRight";
				LD_RUNPATH_SEARCH_PATHS = (
					"$(inherited)",
					"@executable_path/Frameworks",
				);
				MARKETING_VERSION = 1.0;
				PRODUCT_BUNDLE_IDENTIFIER = boldbrightstudio.AgoraSwiftUIPiP;
				PRODUCT_NAME = "$(TARGET_NAME)";
				SWIFT_EMIT_LOC_STRINGS = YES;
				SWIFT_VERSION = 5.0;
				TARGETED_DEVICE_FAMILY = "1,2";
			};
			name = Debug;
		};
		295B1BC12C76DED400100CA0 /* Release */ = {
			isa = XCBuildConfiguration;
			baseConfigurationReference = 64B4F9C5AB11D0975E6D4DF9 /* Pods-AgoraSwiftUIPiP.release.xcconfig */;
			buildSettings = {
				ASSETCATALOG_COMPILER_APPICON_NAME = AppIcon;
				ASSETCATALOG_COMPILER_GLOBAL_ACCENT_COLOR_NAME = AccentColor;
				CODE_SIGN_STYLE = Automatic;
				CURRENT_PROJECT_VERSION = 1;
				DEVELOPMENT_ASSET_PATHS = "\"AgoraSwiftUIPiP/Preview Content\"";
				DEVELOPMENT_TEAM = UL3DJY7F56;
				ENABLE_PREVIEWS = YES;
				ENABLE_USER_SCRIPT_SANDBOXING = NO;
				GENERATE_INFOPLIST_FILE = YES;
				INFOPLIST_FILE = AgoraSwiftUIPiP/Info.plist;
				INFOPLIST_KEY_NSCameraUsageDescription = "Video call";
				INFOPLIST_KEY_NSMicrophoneUsageDescription = "Audio call";
				INFOPLIST_KEY_UIApplicationSceneManifest_Generation = YES;
				INFOPLIST_KEY_UIApplicationSupportsIndirectInputEvents = YES;
				INFOPLIST_KEY_UILaunchScreen_Generation = YES;
				INFOPLIST_KEY_UISupportedInterfaceOrientations_iPad = "UIInterfaceOrientationPortrait UIInterfaceOrientationPortraitUpsideDown UIInterfaceOrientationLandscapeLeft UIInterfaceOrientationLandscapeRight";
				INFOPLIST_KEY_UISupportedInterfaceOrientations_iPhone = "UIInterfaceOrientationPortrait UIInterfaceOrientationLandscapeLeft UIInterfaceOrientationLandscapeRight";
				LD_RUNPATH_SEARCH_PATHS = (
					"$(inherited)",
					"@executable_path/Frameworks",
				);
				MARKETING_VERSION = 1.0;
				PRODUCT_BUNDLE_IDENTIFIER = boldbrightstudio.AgoraSwiftUIPiP;
				PRODUCT_NAME = "$(TARGET_NAME)";
				SWIFT_EMIT_LOC_STRINGS = YES;
				SWIFT_VERSION = 5.0;
				TARGETED_DEVICE_FAMILY = "1,2";
			};
			name = Release;
		};
/* End XCBuildConfiguration section */

/* Begin XCConfigurationList section */
		295B1BAC2C76DED200100CA0 /* Build configuration list for PBXProject "AgoraSwiftUIPiP" */ = {
			isa = XCConfigurationList;
			buildConfigurations = (
				295B1BBD2C76DED400100CA0 /* Debug */,
				295B1BBE2C76DED400100CA0 /* Release */,
			);
			defaultConfigurationIsVisible = 0;
			defaultConfigurationName = Release;
		};
		295B1BBF2C76DED400100CA0 /* Build configuration list for PBXNativeTarget "AgoraSwiftUIPiP" */ = {
			isa = XCConfigurationList;
			buildConfigurations = (
				295B1BC02C76DED400100CA0 /* Debug */,
				295B1BC12C76DED400100CA0 /* Release */,
			);
			defaultConfigurationIsVisible = 0;
			defaultConfigurationName = Release;
		};
/* End XCConfigurationList section */
	};
	rootObject = 295B1BA92C76DED200100CA0 /* Project object */;
}
